github.com/uhppoted/uhppote-core v0.8.6-0.20230704172216-7b1de80f03b5 h1:CQoC06xqZJCBaG9adKcAngJ6rNes0t946ZwWdawRVFw=
github.com/uhppoted/uhppote-core v0.8.6-0.20230704172216-7b1de80f03b5/go.mod h1:q3xZZc7GMkCfpVnKNmdoZQDjvMHfPvH79VNai7HDH3s=
github.com/uhppoted/uhppote-core v0.8.6-0.20230714164141-912d472ef6df h1:HdvJy+Idu6E0xRdSeILN4qWt9iGfv7dM5KtoJisg8JA=
github.com/uhppoted/uhppote-core v0.8.6-0.20230714164141-912d472ef6df/go.mod h1:q3xZZc7GMkCfpVnKNmdoZQDjvMHfPvH79VNai7HDH3s=
github.com/uhppoted/uhppote-core v0.8.6-0.20230828171048-fbdd46934ad7 h1:Lbm7yVwxzS5qsS2lFhKB/W5h7csIpzEiBbmDFXWZkPY=
github.com/uhppoted/uhppote-core v0.8.6-0.20230828171048-fbdd46934ad7/go.mod h1:q3xZZc7GMkCfpVnKNmdoZQDjvMHfPvH79VNai7HDH3s=
github.com/uhppoted/uhppote-core v0.8.6 h1:uYtfCKPptYOxXYp8ckW2yIPjN6UWiF1uqQqvr86MNxE=
github.com/uhppoted/uhppote-core v0.8.6/go.mod h1:q3xZZc7GMkCfpVnKNmdoZQDjvMHfPvH79VNai7HDH3s=
github.com/uhppoted/uhppote-core v0.8.7-0.20230907181433-dd6f9fc71cb4 h1:idQAAHPkFluzSD0Swau1Fjj4/LQkI69frwQ+xgWNL2E=
github.com/uhppoted/uhppote-core v0.8.7-0.20230907181433-dd6f9fc71cb4/go.mod h1:q3xZZc7GMkCfpVnKNmdoZQDjvMHfPvH79VNai7HDH3s=
github.com/uhppoted/uhppote-core v0.8.7-0.20230918163500-b1bb10dd7f33 h1:nc4Q5Mk67hCxCvVjcY8QPNaFjqyClslUIaariz1VgyM=
github.com/uhppoted/uhppote-core v0.8.7-0.20230918163500-b1bb10dd7f33/go.mod h1:q3xZZc7GMkCfpVnKNmdoZQDjvMHfPvH79VNai7HDH3s=
github.com/uhppoted/uhppote-core v0.8.7-0.20230918164143-32da3c8f0d91 h1:uSDn4ZMxLH4Qq4Bd+xkUDQgyIyRB2up0pgx2fC6WPJM=
github.com/uhppoted/uhppote-core v0.8.7-0.20230918164143-32da3c8f0d91/go.mod h1:q3xZZc7GMkCfpVnKNmdoZQDjvMHfPvH79VNai7HDH3s=
github.com/uhppoted/uhppote-core v0.8.7-0.20231023172634-7921b186167e h1:hifCMSMuJEpR/qfArpdr14GshkDn9gs1AEpVuh3PT+8=
github.com/uhppoted/uhppote-core v0.8.7-0.20231023172634-7921b186167e/go.mod h1:XDXzu5MxPhS7IqXQ1q3hY+KWiYDdLB4Gb7JUDcFqwgY=
github.com/uhppoted/uhppote-core v0.8.7-0.20231024161310-ebe955f9d238 h1:l+56DX9qnwgxs6UYNkM0OxoxEVvxynlW8SG13dCVk5E=
github.com/uhppoted/uhppote-core v0.8.7-0.20231024161310-ebe955f9d238/go.mod h1:XDXzu5MxPhS7IqXQ1q3hY+KWiYDdLB4Gb7JUDcFqwgY=
github.com/uhppoted/uhppote-core v0.8.7 h1:hb85EI1tBhBLIaH/s9t93zy+KeJDIUWJjIeJr5s76i0=
github.com/uhppoted/uhppote-core v0.8.7/go.mod h1:XDXzu5MxPhS7IqXQ1q3hY+KWiYDdLB4Gb7JUDcFqwgY=
github.com/uhppoted/uhppote-core v0.8.8-0.20240212191308-c6d4d330c4d8 h1:Eek6pSXRvVbgHrxt+R0TSLxppu8GXMuZVA1UvrUed7A=
github.com/uhppoted/uhppote-core v0.8.8-0.20240212191308-c6d4d330c4d8/go.mod h1:Q+DHtT8s74efLs2b0eF20DRBUL9yBkySwaTQ+0lsEVM=
github.com/uhppoted/uhppote-core v0.8.8-0.20240323043459-64c58600a163 h1:9xI4/CzgmHY56u/xGakZbiJRwXaHvAbT6CB3E2J6GFw=
github.com/uhppoted/uhppote-core v0.8.8-0.20240323043459-64c58600a163/go.mod h1:Q+DHtT8s74efLs2b0eF20DRBUL9yBkySwaTQ+0lsEVM=
github.com/uhppoted/uhppote-core v0.8.8 h1:vMNGJPXJkVQe5IUPSf7BQPaynm1eK/4S5cLY8LKCIbw=
github.com/uhppoted/uhppote-core v0.8.8/go.mod h1:Q+DHtT8s74efLs2b0eF20DRBUL9yBkySwaTQ+0lsEVM=
github.com/uhppoted/uhppote-core v0.8.9-0.20240501181407-35fa048a77a6 h1:Y3L6FBy2cmp80t+XMWHdAAMXMjEf8izG7znTp2vi73U=
github.com/uhppoted/uhppote-core v0.8.9-0.20240501181407-35fa048a77a6/go.mod h1:Q+DHtT8s74efLs2b0eF20DRBUL9yBkySwaTQ+0lsEVM=
github.com/uhppoted/uhppote-core v0.8.9-0.20240502154133-a288991bc05a h1:2mBD0/a5WvOYngMrIvFoALMetsPlV/f60eRiJnw56Qg=
github.com/uhppoted/uhppote-core v0.8.9-0.20240502154133-a288991bc05a/go.mod h1:Q+DHtT8s74efLs2b0eF20DRBUL9yBkySwaTQ+0lsEVM=
github.com/uhppoted/uhppote-core v0.8.9-0.20240503171818-3b8085301ddc h1:wsJMgWPgeP30KTlWx/b9voCoxx3/u9/V6496XI28qtI=
github.com/uhppoted/uhppote-core v0.8.9-0.20240503171818-3b8085301ddc/go.mod h1:Q+DHtT8s74efLs2b0eF20DRBUL9yBkySwaTQ+0lsEVM=
github.com/uhppoted/uhppote-core v0.8.9-0.20240506164953-ac0297e6181a h1:poZuDLort6jopjaaPyGyzMoDfn/6q9uLb7oY9tpzan4=
github.com/uhppoted/uhppote-core v0.8.9-0.20240506164953-ac0297e6181a/go.mod h1:Q+DHtT8s74efLs2b0eF20DRBUL9yBkySwaTQ+0lsEVM=
github.com/uhppoted/uhppote-core v0.8.9-0.20240507163420-35508cf9ca2b h1:Icpzi8Vg+k3UsehmJ/RAGScklzaa55cKWGgilsg/KMM=
github.com/uhppoted/uhppote-core v0.8.9-0.20240507163420-35508cf9ca2b/go.mod h1:Q+DHtT8s74efLs2b0eF20DRBUL9yBkySwaTQ+0lsEVM=
github.com/uhppoted/uhppote-core v0.8.9-0.20240508154856-915c31b963ec h1:5Ncj4CxC3bmouOn7VuqOIloPhf7v1YofVqZNCOJzhKg=
github.com/uhppoted/uhppote-core v0.8.9-0.20240508154856-915c31b963ec/go.mod h1:Q+DHtT8s74efLs2b0eF20DRBUL9yBkySwaTQ+0lsEVM=
github.com/uhppoted/uhppote-core v0.8.9-0.20240508170559-498b633b942d h1:M+6Hxt177luDLWFsuQTqkmk7/kWIAzcC6e+r3EZ4QWY=
github.com/uhppoted/uhppote-core v0.8.9-0.20240508170559-498b633b942d/go.mod h1:Q+DHtT8s74efLs2b0eF20DRBUL9yBkySwaTQ+0lsEVM=
github.com/uhppoted/uhppote-core v0.8.9-0.20240509163908-b200689a2d93 h1:iDbEpZjKKAcgHBFC4l5EhxVx2cMBPc/Jg9AbkOXzeRY=
github.com/uhppoted/uhppote-core v0.8.9-0.20240509163908-b200689a2d93/go.mod h1:Q+DHtT8s74efLs2b0eF20DRBUL9yBkySwaTQ+0lsEVM=
github.com/uhppoted/uhppote-core v0.8.9-0.20240510182729-e4962f0d00cc h1:LY1mSrLrz3e1waqX3aRK93IYs1cYnMSzUJq5dWDS0OI=
github.com/uhppoted/uhppote-core v0.8.9-0.20240510182729-e4962f0d00cc/go.mod h1:Q+DHtT8s74efLs2b0eF20DRBUL9yBkySwaTQ+0lsEVM=
github.com/uhppoted/uhppote-core v0.8.9-0.20240513160920-e2828097f382 h1:E2D87k6wTi8L8uYQcheZHDOS26H4L7qejJisuvnIDyo=
github.com/uhppoted/uhppote-core v0.8.9-0.20240513160920-e2828097f382/go.mod h1:Q+DHtT8s74efLs2b0eF20DRBUL9yBkySwaTQ+0lsEVM=
github.com/uhppoted/uhppote-core v0.8.9-0.20240514160442-2c1c7a94842d h1:MKgjyXemNQuQtbN5PaGi7M+ZVsT3KwlhIXpO6celaHg=
github.com/uhppoted/uhppote-core v0.8.9-0.20240514160442-2c1c7a94842d/go.mod h1:Q+DHtT8s74efLs2b0eF20DRBUL9yBkySwaTQ+0lsEVM=
github.com/uhppoted/uhppote-core v0.8.9-0.20240515165158-910af58a95a2 h1:3+ZdRcF5PzMzBr0eZhW02UOfxUNdoECXwE/3Z2ajras=
github.com/uhppoted/uhppote-core v0.8.9-0.20240515165158-910af58a95a2/go.mod h1:Q+DHtT8s74efLs2b0eF20DRBUL9yBkySwaTQ+0lsEVM=
github.com/uhppoted/uhppote-core v0.8.9-0.20240516172829-ac8140e53a0d h1:WyRYAC69Pkxmktu+oFVAqKPb8RbUimtJMvx5y+T5shs=
github.com/uhppoted/uhppote-core v0.8.9-0.20240516172829-ac8140e53a0d/go.mod h1:Q+DHtT8s74efLs2b0eF20DRBUL9yBkySwaTQ+0lsEVM=
github.com/uhppoted/uhppote-core v0.8.9-0.20240517152424-14b4741b581c h1:GfeRFjG72TJZczOS2dGBRAoq75Dh/Pfgwk8XOLhYIIs=
github.com/uhppoted/uhppote-core v0.8.9-0.20240517152424-14b4741b581c/go.mod h1:Q+DHtT8s74efLs2b0eF20DRBUL9yBkySwaTQ+0lsEVM=
github.com/uhppoted/uhppote-core v0.8.9-0.20240522152700-be733576da28 h1:sDat2imnzJmwM9GQEkw3WWGzZvhSJdSlR4eJIoKrNKc=
github.com/uhppoted/uhppote-core v0.8.9-0.20240522152700-be733576da28/go.mod h1:Q+DHtT8s74efLs2b0eF20DRBUL9yBkySwaTQ+0lsEVM=
github.com/uhppoted/uhppote-core v0.8.9-0.20240524165731-f11a293bdd8d h1:3i+zWCiQpGN0SXlDHDG2RzBsW1/vzL1sO39gmKbyv88=
github.com/uhppoted/uhppote-core v0.8.9-0.20240524165731-f11a293bdd8d/go.mod h1:Q+DHtT8s74efLs2b0eF20DRBUL9yBkySwaTQ+0lsEVM=
github.com/uhppoted/uhppote-core v0.8.9-0.20240527172601-d5317b598bb8 h1:54HfgoJgeDfMDJW2cKF/QDy38dh1qKxv9SMTxVlVOVk=
github.com/uhppoted/uhppote-core v0.8.9-0.20240527172601-d5317b598bb8/go.mod h1:Q+DHtT8s74efLs2b0eF20DRBUL9yBkySwaTQ+0lsEVM=
github.com/uhppoted/uhppote-core v0.8.9-0.20240528150603-37c5df8bb47f h1:cee7NdQFQ8P+C6u1J++FFAaK+yr3aV0hHXlvIK4sXiQ=
github.com/uhppoted/uhppote-core v0.8.9-0.20240528150603-37c5df8bb47f/go.mod h1:Q+DHtT8s74efLs2b0eF20DRBUL9yBkySwaTQ+0lsEVM=
github.com/uhppoted/uhppote-core v0.8.9-0.20240530164535-c743e72dd723 h1:itDcd2d0Iz23IWG+Vl6kj8MqPM/mv4C097O5hUCkLYg=
github.com/uhppoted/uhppote-core v0.8.9-0.20240530164535-c743e72dd723/go.mod h1:Q+DHtT8s74efLs2b0eF20DRBUL9yBkySwaTQ+0lsEVM=
github.com/uhppoted/uhppote-core v0.8.9-0.20240531170136-432a5b0fbb8b h1:alKlb6od5XjvzOfaJRW28M6LOzrxseW7VgWr9q4M+WM=
github.com/uhppoted/uhppote-core v0.8.9-0.20240531170136-432a5b0fbb8b/go.mod h1:Q+DHtT8s74efLs2b0eF20DRBUL9yBkySwaTQ+0lsEVM=
github.com/uhppoted/uhppote-core v0.8.9-0.20240604153627-4993b61f3ba6 h1:ltffa7TfO+mbR6VLURhlG/6ChkQSglpbN13wUYvQhUM=
github.com/uhppoted/uhppote-core v0.8.9-0.20240604153627-4993b61f3ba6/go.mod h1:Q+DHtT8s74efLs2b0eF20DRBUL9yBkySwaTQ+0lsEVM=
github.com/uhppoted/uhppote-core v0.8.9-0.20240605161320-cd6c0e95347b h1:8+6eR7uTFE5cD3tdbOjat2NoI/zS3Pj1eK4WXZvQweA=
github.com/uhppoted/uhppote-core v0.8.9-0.20240605161320-cd6c0e95347b/go.mod h1:Q+DHtT8s74efLs2b0eF20DRBUL9yBkySwaTQ+0lsEVM=
github.com/uhppoted/uhppote-core v0.8.9-0.20240606155158-a18316ae7528 h1:vNa68NNnTJITeZCfbreLiNT9OCbKQ3EUGByZ6PicEDc=
github.com/uhppoted/uhppote-core v0.8.9-0.20240606155158-a18316ae7528/go.mod h1:Q+DHtT8s74efLs2b0eF20DRBUL9yBkySwaTQ+0lsEVM=
github.com/uhppoted/uhppote-core v0.8.9-0.20240617170953-4d35e4f646db h1:5ewkOnvyvGwN+t0wl9TyNWAEHNf7JrLcYV/0QoE1UVs=
github.com/uhppoted/uhppote-core v0.8.9-0.20240617170953-4d35e4f646db/go.mod h1:Q+DHtT8s74efLs2b0eF20DRBUL9yBkySwaTQ+0lsEVM=
github.com/uhppoted/uhppote-core v0.8.9-0.20240619162030-61ff4822cff5 h1:pQjiZP/neOmMaRoLdEoz0OaU9UDriT0C1yjUEfNvS0U=
github.com/uhppoted/uhppote-core v0.8.9-0.20240619162030-61ff4822cff5/go.mod h1:Q+DHtT8s74efLs2b0eF20DRBUL9yBkySwaTQ+0lsEVM=
github.com/uhppoted/uhppote-core v0.8.9-0.20240621163845-0f2c4816e848 h1:BXgPJVSLFwlITSxz9s/4Vaqczo/t7ybt0KLBp/4T1Tg=
github.com/uhppoted/uhppote-core v0.8.9-0.20240621163845-0f2c4816e848/go.mod h1:Q+DHtT8s74efLs2b0eF20DRBUL9yBkySwaTQ+0lsEVM=
github.com/uhppoted/uhppote-core v0.8.9-0.20240624170631-6e4dc3a26486 h1:mUSkpgClFvkWJ84L1S1066cjd2RRUjksmXO7HSHTZDY=
github.com/uhppoted/uhppote-core v0.8.9-0.20240624170631-6e4dc3a26486/go.mod h1:Q+DHtT8s74efLs2b0eF20DRBUL9yBkySwaTQ+0lsEVM=
github.com/uhppoted/uhppote-core v0.8.9-0.20240823182843-e0981da9c4a4 h1:7zcs93hYt0sBp+kCIbgju4Tgc1zvaRVgReksSs4K1uM=
github.com/uhppoted/uhppote-core v0.8.9-0.20240823182843-e0981da9c4a4/go.mod h1:oUQdz4NBMXkcwzEHUd6lYQgF6He32+jnb+FMwehZRwg=
github.com/uhppoted/uhppote-core v0.8.9-0.20240905182113-96b4c7f5bb0e h1:4K/9n6bxViy4GC2fZVO3N5onun4/glU3gOYY6aczO/M=
github.com/uhppoted/uhppote-core v0.8.9-0.20240905182113-96b4c7f5bb0e/go.mod h1:oUQdz4NBMXkcwzEHUd6lYQgF6He32+jnb+FMwehZRwg=
github.com/uhppoted/uhppote-core v0.8.9 h1:1+PE/rSS5fWJfPZ97UXkRBWHmp/h80QLgQ+P3942WZU=
github.com/uhppoted/uhppote-core v0.8.9/go.mod h1:oUQdz4NBMXkcwzEHUd6lYQgF6He32+jnb+FMwehZRwg=
github.com/uhppoted/uhppote-core v0.8.10-0.20241003170443-d27fd34f29b9 h1:RmK6+EHvt1P8kBHcpnw6tm+S1I253MQCAn+axifRXSM=
github.com/uhppoted/uhppote-core v0.8.10-0.20241003170443-d27fd34f29b9/go.mod h1:oUQdz4NBMXkcwzEHUd6lYQgF6He32+jnb+FMwehZRwg=
github.com/uhppoted/uhppote-core v0.8.10-0.20241004174540-7675ee2e4254 h1:sLBIaNzUUHdWpTiMQd+0Havgl2ryEe4BscuhWPMzn6o=
github.com/uhppoted/uhppote-core v0.8.10-0.20241004174540-7675ee2e4254/go.mod h1:oUQdz4NBMXkcwzEHUd6lYQgF6He32+jnb+FMwehZRwg=
github.com/uhppoted/uhppote-core v0.8.10-0.20250121172632-08d73ff3689e h1:DvyHhEyy3u1Kos2YMRywapRV+T5eYozMQ9PFpUMmsps=
github.com/uhppoted/uhppote-core v0.8.10-0.20250121172632-08d73ff3689e/go.mod h1:oUQdz4NBMXkcwzEHUd6lYQgF6He32+jnb+FMwehZRwg=
github.com/uhppoted/uhppote-core v0.8.10 h1:A5knaNVpYib10seqevKLWLrAlrgDtY8jMTir/vvhCZw=
github.com/uhppoted/uhppote-core v0.8.10/go.mod h1:oUQdz4NBMXkcwzEHUd6lYQgF6He32+jnb+FMwehZRwg=
github.com/uhppoted/uhppoted-lib v0.8.5 h1:X5RarX5QMRGJvOwPk8ceowrH8k6Ow3t+TraWmhYO950=
github.com/uhppoted/uhppoted-lib v0.8.5/go.mod h1:euK2cLO934w0GDgvvnWMjYNtZ29K1xSMrMse6THOzDQ=
github.com/uhppoted/uhppoted-lib v0.8.6-0.20230714155133-57e68f2d1360 h1:XaVqmMmjwskTrX6iCdUl2I4ezrvuoA/yhLzf/455E10=
github.com/uhppoted/uhppoted-lib v0.8.6-0.20230714155133-57e68f2d1360/go.mod h1:3lLcVCtew+bIr0qftO/VsqmJLEoBaItX9rm9lLVusJE=
github.com/uhppoted/uhppoted-lib v0.8.6-0.20230801172006-853ac88d8561 h1:/5gqnYbqJQPtr73F2/KjnEvYLZunktgoWwLi3Az8k0I=
github.com/uhppoted/uhppoted-lib v0.8.6-0.20230801172006-853ac88d8561/go.mod h1:zSGqeMwRGELb9pUSlAKfDvrv9r/UTWBbMWAn8h6x4gE=
github.com/uhppoted/uhppoted-lib v0.8.6-0.20230828171114-c4c16c9779b6 h1:tSNH7NO/CwMQEQgfe7Hey051T/wljaFMuOlZ3xE2iBI=
github.com/uhppoted/uhppoted-lib v0.8.6-0.20230828171114-c4c16c9779b6/go.mod h1:uS48UcAjY5C1U6IeUmOVIqdvQXSNdOt8yGjeOs2JN48=
github.com/uhppoted/uhppoted-lib v0.8.6-0.20230829163646-27306dd01087 h1:CRNLM/huwQQQB288+hZo2j5GtFfA8z35Ud6hcLD7CjA=
github.com/uhppoted/uhppoted-lib v0.8.6-0.20230829163646-27306dd01087/go.mod h1:bqCKRPIG+nvKZqAtt47trUq3tVtmM2945ISNXJW2QZk=
github.com/uhppoted/uhppoted-lib v0.8.6 h1:6eVAkVeg5PYyrAo7Bu5w+sTBdpY2PziCH319DuekzJg=
github.com/uhppoted/uhppoted-lib v0.8.6/go.mod h1:bqCKRPIG+nvKZqAtt47trUq3tVtmM2945ISNXJW2QZk=
github.com/uhppoted/uhppoted-lib v0.8.7-0.20230830205318-6c396109f883 h1:XfapIzP+bZCJvn2gk1lA8pciyDv6btJLhqEzvJqW5BQ=
github.com/uhppoted/uhppoted-lib v0.8.7-0.20230830205318-6c396109f883/go.mod h1:ZPUXoOYbe5dqQDBVnv4maGidcN3tiK6lU3dMeOnHBe0=
github.com/uhppoted/uhppoted-lib v0.8.7-0.20230914181004-f434ae0f01b1 h1:mxvXOkymss632ELhdvLVVj2MthCi2+l+YkbZ5Qffu88=
github.com/uhppoted/uhppoted-lib v0.8.7-0.20230914181004-f434ae0f01b1/go.mod h1:/dSQtLva0vteYrIId5yg8i7ckoKrWadteipBKhLscBw=
github.com/uhppoted/uhppoted-lib v0.8.7-0.20230918183309-95af6f0742d1 h1:VjZP8WbI14d48cLGWlaNS0huR48He3Ycx/0IvIneVso=
github.com/uhppoted/uhppoted-lib v0.8.7-0.20230918183309-95af6f0742d1/go.mod h1:H/r/Uq7SP3whI+kZfGHsvrnnK+9NNv+vyQP4zDVzJjU=
github.com/uhppoted/uhppoted-lib v0.8.7-0.20231024172141-b454e52e3418 h1:mk0Qwa2mel8OnVtbMUCz6ae7mA5sB9kGr1VU/lHePhQ=
github.com/uhppoted/uhppoted-lib v0.8.7-0.20231024172141-b454e52e3418/go.mod h1:lZwvB02yeNGKaawUw/Jxns0rP7R8Ff4a6Mq9ckcUEBw=
github.com/uhppoted/uhppoted-lib v0.8.7-0.20231122172912-92c3946b7369 h1:5ogrXRWC7OsBhRw3QEXNmD3//jGnyzd5MghjZu8sZYw=
github.com/uhppoted/uhppoted-lib v0.8.7-0.20231122172912-92c3946b7369/go.mod h1:lZwvB02yeNGKaawUw/Jxns0rP7R8Ff4a6Mq9ckcUEBw=
github.com/uhppoted/uhppoted-lib v0.8.7 h1:+xmD30DRzQY+VbIweHCxkvnOPoa6y2ad2oYtIuUQAlo=
github.com/uhppoted/uhppoted-lib v0.8.7/go.mod h1:Y94QZWgZH8mGiU2rPKtY88Pto7LDsduw/jUDm16nBQg=
github.com/uhppoted/uhppoted-lib v0.8.8-0.20240323043606-2a706fbf3256 h1:5ir0S5ExggJScTDTqM81if2gZXVvRyYHo8EwDWGUTss=
github.com/uhppoted/uhppoted-lib v0.8.8-0.20240323043606-2a706fbf3256/go.mod h1:CGZb/vz7qpkAo6tW37ONFDGFoKUjd2hC/yytf/eAOlU=
github.com/uhppoted/uhppoted-lib v0.8.8 h1:xA7NDdnFbD97nv5aWHFWK3W4X1cj8H5kwwMfjY/+CQY=
github.com/uhppoted/uhppoted-lib v0.8.8/go.mod h1:wQklz7nrnmkPii6E8VLolI/7PF48oE4YrEMk3MjbHFI=
github.com/uhppoted/uhppoted-lib v0.8.9-0.20240501183920-a13199152c83 h1:O8G57MHCjucHePBCMmAdNVR8Mc2uErGHuS1hP798mtE=
github.com/uhppoted/uhppoted-lib v0.8.9-0.20240501183920-a13199152c83/go.mod h1:2XZB/h7ovfSjBdCZMG7hJMAo7VPvJVsatNaefas30ZI=
github.com/uhppoted/uhppoted-lib v0.8.9-0.20240502154903-2c746ad8ac2c h1:FdO2w2QAylskdNpK6X0WZPrWjA8WfFE/6iOWSGhNWN8=
github.com/uhppoted/uhppoted-lib v0.8.9-0.20240502154903-2c746ad8ac2c/go.mod h1:kVMbFYFg3jM+wJpQu9esfUmy4F9lYmUg934YfI+d2fQ=
github.com/uhppoted/uhppoted-lib v0.8.9-0.20240503174953-ae8f308d9f67 h1:xcalT7mBtZSIJdp14dFR4uvrs40p89a491OUTxL+ezI=
github.com/uhppoted/uhppoted-lib v0.8.9-0.20240503174953-ae8f308d9f67/go.mod h1:E1+qj4dHyz6v3eTqmwtg46DE+6gB7D8HLMDfsH0bw+w=
github.com/uhppoted/uhppoted-lib v0.8.9-0.20240506165508-f3499bacd0ca h1:C2LGzzPrmwbAMF0+3C9qP/I8mP2SzfplN1mYPVK5i6M=
github.com/uhppoted/uhppoted-lib v0.8.9-0.20240506165508-f3499bacd0ca/go.mod h1:ZeXoXSWhMDIP8fGTezEX7bGB/EZM5I9bOqjCf6t+eQ4=
github.com/uhppoted/uhppoted-lib v0.8.9-0.20240507163849-65273968c355 h1:1mUioB07UC9p8/qIUAVqdJk/G7LHcGLBryWgJvZBkog=
github.com/uhppoted/uhppoted-lib v0.8.9-0.20240507163849-65273968c355/go.mod h1:vL8jQG9himaPioOfp8DI49jvo+Hb9/B2KaEQkmw6ycg=
github.com/uhppoted/uhppoted-lib v0.8.9-0.20240508160756-1c8a037202d9 h1:RwyYgHlhB5Prsrq/KSfmhcy2LFCsjk0LDVHzh+Teeds=
github.com/uhppoted/uhppoted-lib v0.8.9-0.20240508160756-1c8a037202d9/go.mod h1:HeGaYNWa+mAj/YGPBkW+DNP6eVPwH2PEhmaqGjL7bSE=
github.com/uhppoted/uhppoted-lib v0.8.9-0.20240509165255-ba0f3112b25a h1:omVqCdWBGwh4AkI/gvBNIot2+UPipnMlhxkSlNAjlsw=
github.com/uhppoted/uhppoted-lib v0.8.9-0.20240509165255-ba0f3112b25a/go.mod h1:QqD+2KzeV2/J67ETwb3GNm4qJQirfjCDREMfZonAU70=
github.com/uhppoted/uhppoted-lib v0.8.9-0.20240510202149-46a787f12735 h1:T6juWphBpCGDZ/tfGSrtb5r+SkxRcCOgNeE6xaU3OlU=
github.com/uhppoted/uhppoted-lib v0.8.9-0.20240510202149-46a787f12735/go.mod h1:efHzzXdJtwq2mV/Mbmj1dD5kgta+dxQt6ryQGqSc6cQ=
github.com/uhppoted/uhppoted-lib v0.8.9-0.20240513172018-f816b3fa1428 h1:613DGW88fdX2l0LVoPKfoV2bylb+RzzWA3N1JTc8OOM=
github.com/uhppoted/uhppoted-lib v0.8.9-0.20240513172018-f816b3fa1428/go.mod h1:uVfsYSGQ8NH51uxeBYbHS1aU2F0yvkPL05SKf+39OB8=
github.com/uhppoted/uhppoted-lib v0.8.9-0.20240514162914-aa182591cfe6 h1:Z5vhSpzvfpzQk0Z+s8U0OdlE3HNbhAKBg1cj/K1H5x4=
github.com/uhppoted/uhppoted-lib v0.8.9-0.20240514162914-aa182591cfe6/go.mod h1:RncWlnnDSuXwhIj4s2vz7TNKnoBZEeQo5OgNbC1vJC0=
github.com/uhppoted/uhppoted-lib v0.8.9-0.20240515165648-b0ffb4ea22dd h1:ZzRcP5A0iAffFmJ5u2G+uqLMzY4MaQ+aZ547m2DOZn4=
github.com/uhppoted/uhppoted-lib v0.8.9-0.20240515165648-b0ffb4ea22dd/go.mod h1:RcM21DG5rJ2q7AvlF24YFW8djJsyLgzafDk9Xc4pQUQ=
github.com/uhppoted/uhppoted-lib v0.8.9-0.20240516174718-1f61e72907bd h1:Hc/yTOMSHAvDUR3QAVn2PmdF4X1MuTDn+D8X71gnJ/U=
github.com/uhppoted/uhppoted-lib v0.8.9-0.20240516174718-1f61e72907bd/go.mod h1:lu/wpSikg/0+/fro2l86CLdZnm8McRNT9f0cngi0eVQ=
github.com/uhppoted/uhppoted-lib v0.8.9-0.20240517153908-c13984f880bc h1:BaCPElirAeK787l58iZYbF4zMi10BHhiXVK3uWKtSGI=
github.com/uhppoted/uhppoted-lib v0.8.9-0.20240517153908-c13984f880bc/go.mod h1:NCQkRCPrmoXyS4miehzosirtUkRO+Y+PBjFCpVIHUJU=
github.com/uhppoted/uhppoted-lib v0.8.9-0.20240522155930-ecbe19a67d5b h1:RPpj0UUiG/t8y6aE9VW2vUUxanyTHMzjWB3lduy9HUk=
github.com/uhppoted/uhppoted-lib v0.8.9-0.20240522155930-ecbe19a67d5b/go.mod h1:BPTNChylhkDutszdOzQ4DFq6JYFLv2yNcGljg9FkWUg=
github.com/uhppoted/uhppoted-lib v0.8.9-0.20240524171653-86bb80223c95 h1:XRdwZQUNT0r3zzwjUNOmbsC7Cqc8o0CGXFOztpqMWHQ=
github.com/uhppoted/uhppoted-lib v0.8.9-0.20240524171653-86bb80223c95/go.mod h1:X60HhO4iKqIw+J+r0Rh4OkAzpMbhLzo+7QELXKDQowM=
github.com/uhppoted/uhppoted-lib v0.8.9-0.20240527174018-4ff1fd4a0224 h1:DYkZ77CR3eVcfTatc9JLSPyVQEcOviJbA2lysPjbVSI=
github.com/uhppoted/uhppoted-lib v0.8.9-0.20240527174018-4ff1fd4a0224/go.mod h1:3CvWWsUiXmFh4jTzF+NXeWTMeaHiqkIDLOxoKQ0iJd8=
github.com/uhppoted/uhppoted-lib v0.8.9-0.20240528151010-a3cffa5b9381 h1:QuAU374rlmn9vBraZ6XbywgRLpIQw3m0yYMwj8bR8Cc=
github.com/uhppoted/uhppoted-lib v0.8.9-0.20240528151010-a3cffa5b9381/go.mod h1:Yf3cROHpYsNUX7IJWsZncCQVwyG4eppUWQEs1ST6tv0=
github.com/uhppoted/uhppoted-lib v0.8.9-0.20240530171621-d3485dd0b34d h1:tF9pdfTgbUfdP2tQ9/H/olYEHkXVh+aDiuq0DatcdFQ=
github.com/uhppoted/uhppoted-lib v0.8.9-0.20240530171621-d3485dd0b34d/go.mod h1:luEG0DJWxSzCTDqYkqvE+T0HP59LKDUJ4iZHGn84C6w=
github.com/uhppoted/uhppoted-lib v0.8.9-0.20240531170312-cb08695b7cc2 h1:Slbb2pwoiZ1CTjfFUDhx4E5AD6qv6Eq2cBiTUcoos/E=
github.com/uhppoted/uhppoted-lib v0.8.9-0.20240531170312-cb08695b7cc2/go.mod h1:pg8dPLgY+Faru4Zc5Et0Q/bq5lbKU420/VdXQLkkjCE=
github.com/uhppoted/uhppoted-lib v0.8.9-0.20240604154440-5ce365632a38 h1:q42QPpm0uFtd00SU1GIbwGhwolCEZa0BNKJUVYc0BKw=
github.com/uhppoted/uhppoted-lib v0.8.9-0.20240604154440-5ce365632a38/go.mod h1:MsC5n/1vS80L/S7wcpzpOPeR8UsUNKOMmdOWs/vi5Hg=
github.com/uhppoted/uhppoted-lib v0.8.9-0.20240605161930-54dea6fc78b1 h1:T1tGRfDa/jN9apkZtiid5FmHMMxjNXuazp7Mi9J4K/U=
github.com/uhppoted/uhppoted-lib v0.8.9-0.20240605161930-54dea6fc78b1/go.mod h1:di+eHPBWGIN6UwtmjXNPzmKZyoE8VL7f1KDbbw1cFzQ=
github.com/uhppoted/uhppoted-lib v0.8.9-0.20240606160456-0430d2c98f6d h1:tc5XXgrJMMZT8kogXpBJkt4QMO/UYbOIyLVRtxzbp24=
github.com/uhppoted/uhppoted-lib v0.8.9-0.20240606160456-0430d2c98f6d/go.mod h1:9o0r7f2N16ZF4ryNQZOa84e9bByEkP/5YwCwLim0Q3s=
github.com/uhppoted/uhppoted-lib v0.8.9-0.20240617172854-6a8488c7ac5d h1:g/swcrEdpnTaStqL2OBGTTw7Wd864R6jvRy4JxHeTsw=
github.com/uhppoted/uhppoted-lib v0.8.9-0.20240617172854-6a8488c7ac5d/go.mod h1:2Q4sb+VcmC1gKSH/pIWmlUi/CqA84dGKiN6oetiiBs4=
github.com/uhppoted/uhppoted-lib v0.8.9-0.20240620174921-fbe5bac73e5a h1:vJYI3YmNMt3zL6QID+1U+4EJO85fKcOet2CbXFV/hVk=
github.com/uhppoted/uhppoted-lib v0.8.9-0.20240620174921-fbe5bac73e5a/go.mod h1:924+CVltuckyTszvCqeuU/k8nBZ+tlkTuyPOspuAiuU=
github.com/uhppoted/uhppoted-lib v0.8.9-0.20240621164457-8103bdf55831 h1:Y67K5dBdnnEC83p4Y2OJU58Iah5rNjAe6hIli2eg77g=
github.com/uhppoted/uhppoted-lib v0.8.9-0.20240621164457-8103bdf55831/go.mod h1:Pj+5dhzmwQiLJK9aMQBMoaLU00Loeyv/UdGspDozReQ=
github.com/uhppoted/uhppoted-lib v0.8.9-0.20240624171129-71bfbf7969b5 h1:Vo0V3T/VMFaZlqTDre3ht9DGxEceuUXmDlAZeKeEx+g=
github.com/uhppoted/uhppoted-lib v0.8.9-0.20240624171129-71bfbf7969b5/go.mod h1:Rrms8n4z4xoLAcpmeMmXdXG9kakovAbw+7/zSmjzY2s=
github.com/uhppoted/uhppoted-lib v0.8.9-0.20240823183521-d127a710cea0 h1:ZD9n1Q6w2ykR2KoORUKo2s4lFLiWsCwMj5ByYec12bU=
github.com/uhppoted/uhppoted-lib v0.8.9-0.20240823183521-d127a710cea0/go.mod h1:vz01fBAy8QYbwUGBCfFEZh5naPt9Ma6SHlzp/SIRLcE=
github.com/uhppoted/uhppoted-lib v0.8.9-0.20240827173223-f5262c207d8b h1:ItQCO+PnhGKlyOwn4SEpxq+pw7VXRy/+72mz4TM+yaE=
github.com/uhppoted/uhppoted-lib v0.8.9-0.20240827173223-f5262c207d8b/go.mod h1:vz01fBAy8QYbwUGBCfFEZh5naPt9Ma6SHlzp/SIRLcE=
github.com/uhppoted/uhppoted-lib v0.8.9 h1:PQmlZeESlYhLfkGpBxTeRyQaD2b3melImtcsgb8VVhw=
github.com/uhppoted/uhppoted-lib v0.8.9/go.mod h1:tQgA5Jno0R2g8hlv7Wi52vVZYmdB9DFFLehLWLHuuKU=
github.com/uhppoted/uhppoted-lib v0.8.10-0.20241003171530-4730250c895b h1:3ik03orWNVrmLNAD/jKoDKN1UnEFQt5s6eYegQNoQfs=
github.com/uhppoted/uhppoted-lib v0.8.10-0.20241003171530-4730250c895b/go.mod h1:zCYkLi2rpO8XIIzu44i493uQZmGQdGvzc1fvp6cVlOE=
github.com/uhppoted/uhppoted-lib v0.8.10-0.20241004175014-8977bb8805c4 h1:fyz/8hvQ24elhbC/j1RE6cY74Z8tK3UYKphWPGKHzEk=
github.com/uhppoted/uhppoted-lib v0.8.10-0.20241004175014-8977bb8805c4/go.mod h1:v3TrajHALeSIL2n7kHECWVNwTR8bSBY07mIDBnPnZiE=
github.com/uhppoted/uhppoted-lib v0.8.10-0.20241007153101-aa559cf3e032 h1:2UesZ2POpC2fHiyiAaiswTv9SfMHZPzUMkg3hd++buA=
github.com/uhppoted/uhppoted-lib v0.8.10-0.20241007153101-aa559cf3e032/go.mod h1:v3TrajHALeSIL2n7kHECWVNwTR8bSBY07mIDBnPnZiE=
github.com/uhppoted/uhppoted-lib v0.8.10-0.20250121173211-01a4a14fc786 h1:fjY2YPdbmBG+m07n1DArY7OCfW0yzzhFSGw9miXyY7Y=
github.com/uhppoted/uhppoted-lib v0.8.10-0.20250121173211-01a4a14fc786/go.mod h1:8gpUlPmSpWWFWvQIHy4ALcTqbQS5iUO0m9MWDPaNI/g=
github.com/uhppoted/uhppoted-lib v0.8.10 h1:PRpgOV6HDu5GNKyLKj2dIZRZtPeXk8IPI+88rXBRuwM=
github.com/uhppoted/uhppoted-lib v0.8.10/go.mod h1:610uszDzwnJ9ydPnFHE1JwHfo5Pr9zbpvoqddBfNKvs=
