github.com/uhppoted/uhppote-core v0.6.8-0.20210104223358-75a185a48184 h1:ZphFvW80GiRpuJeGajACxaHR6SyaGtViU/f5SFfIhl0=
github.com/uhppoted/uhppote-core v0.6.8-0.20210104223358-75a185a48184/go.mod h1:CDoDTRrLF5pPI2G6PxpJ+AXDg/yvMDE+XGsYA0WUY1g=
github.com/uhppoted/uhppote-core v0.6.8-0.20210105231354-7910b4798746 h1:yOB3pIWfgSRWBKLUhR1ri3IT6lBAK7hAr80YWWaFjBc=
github.com/uhppoted/uhppote-core v0.6.8-0.20210105231354-7910b4798746/go.mod h1:CDoDTRrLF5pPI2G6PxpJ+AXDg/yvMDE+XGsYA0WUY1g=
github.com/uhppoted/uhppote-core v0.6.8-0.20210105233555-74c46a96a353 h1:UgssZ52xxZORNnRZljVm7JsPZn/cK4JR2k6XD9wsmMM=
github.com/uhppoted/uhppote-core v0.6.8-0.20210105233555-74c46a96a353/go.mod h1:CDoDTRrLF5pPI2G6PxpJ+AXDg/yvMDE+XGsYA0WUY1g=
github.com/uhppoted/uhppote-core v0.6.8-0.20210105235034-44f022257138 h1:nGFguBykVFIRRsqRweMtqJomh25FIJY7aaap/6nS1Tg=
github.com/uhppoted/uhppote-core v0.6.8-0.20210105235034-44f022257138/go.mod h1:CDoDTRrLF5pPI2G6PxpJ+AXDg/yvMDE+XGsYA0WUY1g=
github.com/uhppoted/uhppote-core v0.6.8 h1:mcFPc9HOav2hMM2yDtuvEaD5q++vidL1XWTMZZ83b7g=
github.com/uhppoted/uhppote-core v0.6.8/go.mod h1:CDoDTRrLF5pPI2G6PxpJ+AXDg/yvMDE+XGsYA0WUY1g=
github.com/uhppoted/uhppote-core v0.6.10 h1:o1schS4g7CkIrizyYvKFxUsjwSMAZiVcj7D/taH4hTs=
github.com/uhppoted/uhppote-core v0.6.10/go.mod h1:CDoDTRrLF5pPI2G6PxpJ+AXDg/yvMDE+XGsYA0WUY1g=
github.com/uhppoted/uhppote-core v0.6.11-0.20210330192842-7d2e13a5c0fd/go.mod h1:JOh6BcCGKf2/0c9rzauiia18ErO8mrtY9l0gdt0DxtU=
github.com/uhppoted/uhppote-core v0.6.11-0.20210406214223-dfa6e21e6b7b h1:fERoJrN/LuZidUC8NI0TwH8vihHeHONDVeOW1xYYzv0=
github.com/uhppoted/uhppote-core v0.6.11-0.20210406214223-dfa6e21e6b7b/go.mod h1:JOh6BcCGKf2/0c9rzauiia18ErO8mrtY9l0gdt0DxtU=
github.com/uhppoted/uhppote-core v0.6.11-0.20210409192926-b3e9a6a47275 h1:Zc4dzgje2FVRJ+p6AK/hVBPe2WW6P7j/aUhu4oU1Wjw=
github.com/uhppoted/uhppote-core v0.6.11-0.20210409192926-b3e9a6a47275/go.mod h1:JotMSKgzWKGxdI1tWWGeajdCmWHJGsw5jSGmLCJ/xuU=
github.com/uhppoted/uhppote-core v0.6.11-0.20210415175657-979d155e011f h1:cbBtJKwsZ0Mnkb9HfOKpDVwZ/UBTsGdQDKPuRvxlfb0=
github.com/uhppoted/uhppote-core v0.6.11-0.20210415175657-979d155e011f/go.mod h1:JotMSKgzWKGxdI1tWWGeajdCmWHJGsw5jSGmLCJ/xuU=
github.com/uhppoted/uhppote-core v0.6.11-0.20210426175238-bffb5018bad2 h1:KeNgupqfKDgEP2urKDuhITieUxtiZqEnW1lpYqZkeP4=
github.com/uhppoted/uhppote-core v0.6.11-0.20210426175238-bffb5018bad2/go.mod h1:JotMSKgzWKGxdI1tWWGeajdCmWHJGsw5jSGmLCJ/xuU=
github.com/uhppoted/uhppote-core v0.6.11 h1:qPgISN/SNz3suT0yTSGLLBJjmMrx7fD5u0ETJVuLHTc=
github.com/uhppoted/uhppote-core v0.6.11/go.mod h1:CDoDTRrLF5pPI2G6PxpJ+AXDg/yvMDE+XGsYA0WUY1g=
github.com/uhppoted/uhppoted-api v0.6.11-0.20210330204110-47e1a2e48fcd h1:3cd1AvYQhJFLIwhFbJPWgImyNNTcR3Y5UWjQXu2S7Ck=
github.com/uhppoted/uhppoted-api v0.6.11-0.20210330204110-47e1a2e48fcd/go.mod h1:4X2U4JumFHqEmRqw2o6tspaxLgn/ly7a61CJl8KGC/A=
github.com/uhppoted/uhppoted-api v0.6.11-0.20210407185739-ba938734fe7d h1:a/uHvJjsydSx8UmrOM8PzXvGw/v8/mkC3xDs62isNSA=
github.com/uhppoted/uhppoted-api v0.6.11-0.20210407185739-ba938734fe7d/go.mod h1:4X2U4JumFHqEmRqw2o6tspaxLgn/ly7a61CJl8KGC/A=
github.com/uhppoted/uhppoted-api v0.6.11-0.20210409202212-3c99874b82d9 h1:L+mBU0qj0ODLImh7cgjPgASLGkbvf4iu2rZxG0hFR3o=
github.com/uhppoted/uhppoted-api v0.6.11-0.20210409202212-3c99874b82d9/go.mod h1:94t3fz3Foux+1H6hCKer5ZBfjtWFeIHUe2Eph7W0OqY=
github.com/uhppoted/uhppoted-api v0.6.11-0.20210415181619-6a38d135c11f h1:usBoPYZsmrFaFrbAvXoKAcP7b9mVO2JpL1Q3W32ueso=
github.com/uhppoted/uhppoted-api v0.6.11-0.20210415181619-6a38d135c11f/go.mod h1:PUiz7HHTbbcmr0Nb8dHOoMe4JrwkC7pQVuOZ8AgjCSw=
github.com/uhppoted/uhppoted-api v0.6.11-0.20210426181519-7a5fd26b61e5 h1:c7awx+sgug9GxgsEJjbE0+2aHYccCQQsslFXNDg6b40=
github.com/uhppoted/uhppoted-api v0.6.11-0.20210426181519-7a5fd26b61e5/go.mod h1:6/jGGDKHl/oJzmHyv7NN1XOyDK+0wh+B6qx3lbFc44I=
golang.org/x/sys v0.0.0-20210217105451-b926d437f341/go.mod h1:h1NjWce9XRLGQEsW7wpKNCjG9DtNlClVuFLEZdDNbEs=
