github.com/uhppoted/uhppote-core v0.6.13-0.20210604162622-00706b956401 h1:tAcewkEzqU6/ODIZvQZJRkoEIarrjRnndWj91pgXuc0=
github.com/uhppoted/uhppote-core v0.6.13-0.20210604162622-00706b956401/go.mod h1:trhONXGxYU0V5kOzBShTedYcRY98p9uV99JBZ7F1M0k=
github.com/uhppoted/uhppote-core v0.6.13-0.20210607182513-a4d1cb4f0f7f h1:8FgyCCMjVHv41XT55Kxs1QD2mzorUxWQEi9OOSOWAgs=
github.com/uhppoted/uhppote-core v0.6.13-0.20210607182513-a4d1cb4f0f7f/go.mod h1:trhONXGxYU0V5kOzBShTedYcRY98p9uV99JBZ7F1M0k=
